
Microsoft Visual Studio Solution File, Format Version 12.00
# Visual Studio Version 16
VisualStudioVersion = 16.0.31205.134
MinimumVisualStudioVersion = 10.0.40219.1
Project("{9A19103F-16F7-4668-BE54-9A1E7A4F7556}") = "DevFramework.Core", "DevFramework.Core\DevFramework.Core.csproj", "{A8CC36BE-C765-46B4-99D7-BE995CC57F5E}"
EndProject
Project("{9A19103F-16F7-4668-BE54-9A1E7A4F7556}") = "DevFramework.Northwind.Entities", "DevFramework.Northwind.Entities\DevFramework.Northwind.Entities.csproj", "{569AF162-02D6-481C-9A51-9E10B90ECBE2}"
EndProject
Project("{9A19103F-16F7-4668-BE54-9A1E7A4F7556}") = "DevFramework.Northwind.DataAccess", "DevFramework.Northwind.DataAccess\DevFramework.Northwind.DataAccess.csproj", "{A4D817EB-1058-4134-9F66-3C03CC3E585C}"
EndProject
Project("{9A19103F-16F7-4668-BE54-9A1E7A4F7556}") = "DevFramework.Northwind.Business", "DevFramework.Northwind.Business\DevFramework.Northwind.Business.csproj", "{E4FCCE6A-6F6E-4CE9-A7A0-D525F2B6014C}"
EndProject
Project("{9A19103F-16F7-4668-BE54-9A1E7A4F7556}") = "DevFramework.Northwind.MvcWebUI", "DevFramework.Northwind.MvcWebUI\DevFramework.Northwind.MvcWebUI.csproj", "{25B581F7-8B29-47DE-A5A4-A11B09AE1CBD}"
EndProject
Project("{9A19103F-16F7-4668-BE54-9A1E7A4F7556}") = "DevFramework.Northwind.MvcWebUI.Tests", "DevFramework.Northwind.MvcWebUI.Tests\DevFramework.Northwind.MvcWebUI.Tests.csproj", "{0E282735-A224-422E-BF90-28ADDB1C5092}"
EndProject
Project("{9A19103F-16F7-4668-BE54-9A1E7A4F7556}") = "DevFramework.Northwind.Business.Tests", "DevFramework.Northwind.Business.Tests\DevFramework.Northwind.Business.Tests.csproj", "{87ED8E7B-D1D9-4B95-B6B6-15B0D05635A7}"
EndProject
Project("{9A19103F-16F7-4668-BE54-9A1E7A4F7556}") = "DevFramework.Northwind.WebApi", "DevFramework.Northwind.WebApi\DevFramework.Northwind.WebApi.csproj", "{9B9F52B4-B35E-4C17-B8CA-F496B2E2F919}"
EndProject
Project("{9A19103F-16F7-4668-BE54-9A1E7A4F7556}") = "DevFramework.Northwind.WcfService", "DevFramework.Northwind.WcfService\DevFramework.Northwind.WcfService.csproj", "{11800955-C332-4D7D-9C74-D354CA8CE86E}"
EndProject
Project("{FAE04EC0-301F-11D3-BF4B-00C04F79EFBC}") = "DevFramework.DataAccess.Tests", "DevFramework.DataAccess.Tests\DevFramework.DataAccess.Tests.csproj", "{BE6008C8-7081-4AB6-8DD7-1B6F16A69CB3}"
EndProject
Global
	GlobalSection(SolutionConfigurationPlatforms) = preSolution
		Debug|Any CPU = Debug|Any CPU
		Release|Any CPU = Release|Any CPU
	EndGlobalSection
	GlobalSection(ProjectConfigurationPlatforms) = postSolution
		{A8CC36BE-C765-46B4-99D7-BE995CC57F5E}.Debug|Any CPU.ActiveCfg = Debug|Any CPU
		{A8CC36BE-C765-46B4-99D7-BE995CC57F5E}.Debug|Any CPU.Build.0 = Debug|Any CPU
		{A8CC36BE-C765-46B4-99D7-BE995CC57F5E}.Release|Any CPU.ActiveCfg = Release|Any CPU
		{A8CC36BE-C765-46B4-99D7-BE995CC57F5E}.Release|Any CPU.Build.0 = Release|Any CPU
		{569AF162-02D6-481C-9A51-9E10B90ECBE2}.Debug|Any CPU.ActiveCfg = Debug|Any CPU
		{569AF162-02D6-481C-9A51-9E10B90ECBE2}.Debug|Any CPU.Build.0 = Debug|Any CPU
		{569AF162-02D6-481C-9A51-9E10B90ECBE2}.Release|Any CPU.ActiveCfg = Release|Any CPU
		{569AF162-02D6-481C-9A51-9E10B90ECBE2}.Release|Any CPU.Build.0 = Release|Any CPU
		{A4D817EB-1058-4134-9F66-3C03CC3E585C}.Debug|Any CPU.ActiveCfg = Debug|Any CPU
		{A4D817EB-1058-4134-9F66-3C03CC3E585C}.Debug|Any CPU.Build.0 = Debug|Any CPU
		{A4D817EB-1058-4134-9F66-3C03CC3E585C}.Release|Any CPU.ActiveCfg = Release|Any CPU
		{A4D817EB-1058-4134-9F66-3C03CC3E585C}.Release|Any CPU.Build.0 = Release|Any CPU
		{E4FCCE6A-6F6E-4CE9-A7A0-D525F2B6014C}.Debug|Any CPU.ActiveCfg = Debug|Any CPU
		{E4FCCE6A-6F6E-4CE9-A7A0-D525F2B6014C}.Debug|Any CPU.Build.0 = Debug|Any CPU
		{E4FCCE6A-6F6E-4CE9-A7A0-D525F2B6014C}.Release|Any CPU.ActiveCfg = Release|Any CPU
		{E4FCCE6A-6F6E-4CE9-A7A0-D525F2B6014C}.Release|Any CPU.Build.0 = Release|Any CPU
		{25B581F7-8B29-47DE-A5A4-A11B09AE1CBD}.Debug|Any CPU.ActiveCfg = Debug|Any CPU
		{25B581F7-8B29-47DE-A5A4-A11B09AE1CBD}.Debug|Any CPU.Build.0 = Debug|Any CPU
		{25B581F7-8B29-47DE-A5A4-A11B09AE1CBD}.Release|Any CPU.ActiveCfg = Release|Any CPU
		{25B581F7-8B29-47DE-A5A4-A11B09AE1CBD}.Release|Any CPU.Build.0 = Release|Any CPU
		{0E282735-A224-422E-BF90-28ADDB1C5092}.Debug|Any CPU.ActiveCfg = Debug|Any CPU
		{0E282735-A224-422E-BF90-28ADDB1C5092}.Debug|Any CPU.Build.0 = Debug|Any CPU
		{0E282735-A224-422E-BF90-28ADDB1C5092}.Release|Any CPU.ActiveCfg = Release|Any CPU
		{0E282735-A224-422E-BF90-28ADDB1C5092}.Release|Any CPU.Build.0 = Release|Any CPU
		{87ED8E7B-D1D9-4B95-B6B6-15B0D05635A7}.Debug|Any CPU.ActiveCfg = Debug|Any CPU
		{87ED8E7B-D1D9-4B95-B6B6-15B0D05635A7}.Debug|Any CPU.Build.0 = Debug|Any CPU
		{87ED8E7B-D1D9-4B95-B6B6-15B0D05635A7}.Release|Any CPU.ActiveCfg = Release|Any CPU
		{87ED8E7B-D1D9-4B95-B6B6-15B0D05635A7}.Release|Any CPU.Build.0 = Release|Any CPU
		{9B9F52B4-B35E-4C17-B8CA-F496B2E2F919}.Debug|Any CPU.ActiveCfg = Debug|Any CPU
		{9B9F52B4-B35E-4C17-B8CA-F496B2E2F919}.Debug|Any CPU.Build.0 = Debug|Any CPU
		{9B9F52B4-B35E-4C17-B8CA-F496B2E2F919}.Release|Any CPU.ActiveCfg = Release|Any CPU
		{9B9F52B4-B35E-4C17-B8CA-F496B2E2F919}.Release|Any CPU.Build.0 = Release|Any CPU
		{11800955-C332-4D7D-9C74-D354CA8CE86E}.Debug|Any CPU.ActiveCfg = Debug|Any CPU
		{11800955-C332-4D7D-9C74-D354CA8CE86E}.Debug|Any CPU.Build.0 = Debug|Any CPU
		{11800955-C332-4D7D-9C74-D354CA8CE86E}.Release|Any CPU.ActiveCfg = Release|Any CPU
		{11800955-C332-4D7D-9C74-D354CA8CE86E}.Release|Any CPU.Build.0 = Release|Any CPU
		{BE6008C8-7081-4AB6-8DD7-1B6F16A69CB3}.Debug|Any CPU.ActiveCfg = Debug|Any CPU
		{BE6008C8-7081-4AB6-8DD7-1B6F16A69CB3}.Debug|Any CPU.Build.0 = Debug|Any CPU
		{BE6008C8-7081-4AB6-8DD7-1B6F16A69CB3}.Release|Any CPU.ActiveCfg = Release|Any CPU
		{BE6008C8-7081-4AB6-8DD7-1B6F16A69CB3}.Release|Any CPU.Build.0 = Release|Any CPU
	EndGlobalSection
	GlobalSection(SolutionProperties) = preSolution
		HideSolutionNode = FALSE
	EndGlobalSection
	GlobalSection(ExtensibilityGlobals) = postSolution
		SolutionGuid = {FA7AF272-3A6B-47FE-8BE9-DA850418B12A}
	EndGlobalSection
EndGlobal
